
Microsoft Visual Studio Solution File, Format Version 12.00
# Visual Studio Version 17
VisualStudioVersion = 17.4.33213.308
MinimumVisualStudioVersion = 10.0.40219.1
Project("{9A19103F-16F7-4668-BE54-9A1E7A4F7556}") = "CslaMaui.Blazor.Client", "CslaMaui.Blazor.Client\CslaMaui.Blazor.Client.csproj", "{DD0ED89B-E36B-497E-BA22-398B2EB8A67E}"
EndProject
Project("{9A19103F-16F7-4668-BE54-9A1E7A4F7556}") = "CslaMaui.Blazor.Server", "CslaMaui.Blazor.Server\CslaMaui.Blazor.Server.csproj", "{9E989BB4-8723-479D-8693-886F8A8EDDFA}"
EndProject
Project("{9A19103F-16F7-4668-BE54-9A1E7A4F7556}") = "CslaMaui.Blazor.Shared", "CslaMaui.Blazor.Shared\CslaMaui.Blazor.Shared.csproj", "{9A9A61D3-6867-476E-856F-8811FDA156D8}"
EndProject
Project("{9A19103F-16F7-4668-BE54-9A1E7A4F7556}") = "CslaMaui.Maui", "CslaMaui.Maui\CslaMaui.Maui.csproj", "{F6EE4B63-B454-45E9-A243-57A2F19F7FA0}"
EndProject
Project("{9A19103F-16F7-4668-BE54-9A1E7A4F7556}") = "CslaMaui.BusinessLayer", "CslaMaui.BusinessLayer\CslaMaui.BusinessLayer.csproj", "{C62F218C-1981-4C9C-B88F-21EE9B82AE14}"
EndProject
Global
	GlobalSection(SolutionConfigurationPlatforms) = preSolution
		Debug|Any CPU = Debug|Any CPU
		Release|Any CPU = Release|Any CPU
	EndGlobalSection
	GlobalSection(ProjectConfigurationPlatforms) = postSolution
		{DD0ED89B-E36B-497E-BA22-398B2EB8A67E}.Debug|Any CPU.ActiveCfg = Debug|Any CPU
		{DD0ED89B-E36B-497E-BA22-398B2EB8A67E}.Debug|Any CPU.Build.0 = Debug|Any CPU
		{DD0ED89B-E36B-497E-BA22-398B2EB8A67E}.Release|Any CPU.ActiveCfg = Release|Any CPU
		{DD0ED89B-E36B-497E-BA22-398B2EB8A67E}.Release|Any CPU.Build.0 = Release|Any CPU
		{9E989BB4-8723-479D-8693-886F8A8EDDFA}.Debug|Any CPU.ActiveCfg = Debug|Any CPU
		{9E989BB4-8723-479D-8693-886F8A8EDDFA}.Debug|Any CPU.Build.0 = Debug|Any CPU
		{9E989BB4-8723-479D-8693-886F8A8EDDFA}.Release|Any CPU.ActiveCfg = Release|Any CPU
		{9E989BB4-8723-479D-8693-886F8A8EDDFA}.Release|Any CPU.Build.0 = Release|Any CPU
		{9A9A61D3-6867-476E-856F-8811FDA156D8}.Debug|Any CPU.ActiveCfg = Debug|Any CPU
		{9A9A61D3-6867-476E-856F-8811FDA156D8}.Debug|Any CPU.Build.0 = Debug|Any CPU
		{9A9A61D3-6867-476E-856F-8811FDA156D8}.Release|Any CPU.ActiveCfg = Release|Any CPU
		{9A9A61D3-6867-476E-856F-8811FDA156D8}.Release|Any CPU.Build.0 = Release|Any CPU
		{F6EE4B63-B454-45E9-A243-57A2F19F7FA0}.Debug|Any CPU.ActiveCfg = Debug|Any CPU
		{F6EE4B63-B454-45E9-A243-57A2F19F7FA0}.Debug|Any CPU.Build.0 = Debug|Any CPU
		{F6EE4B63-B454-45E9-A243-57A2F19F7FA0}.Debug|Any CPU.Deploy.0 = Debug|Any CPU
		{F6EE4B63-B454-45E9-A243-57A2F19F7FA0}.Release|Any CPU.ActiveCfg = Release|Any CPU
		{F6EE4B63-B454-45E9-A243-57A2F19F7FA0}.Release|Any CPU.Build.0 = Release|Any CPU
		{F6EE4B63-B454-45E9-A243-57A2F19F7FA0}.Release|Any CPU.Deploy.0 = Release|Any CPU
		{C62F218C-1981-4C9C-B88F-21EE9B82AE14}.Debug|Any CPU.ActiveCfg = Debug|Any CPU
		{C62F218C-1981-4C9C-B88F-21EE9B82AE14}.Debug|Any CPU.Build.0 = Debug|Any CPU
		{C62F218C-1981-4C9C-B88F-21EE9B82AE14}.Release|Any CPU.ActiveCfg = Release|Any CPU
		{C62F218C-1981-4C9C-B88F-21EE9B82AE14}.Release|Any CPU.Build.0 = Release|Any CPU
	EndGlobalSection
	GlobalSection(SolutionProperties) = preSolution
		HideSolutionNode = FALSE
	EndGlobalSection
	GlobalSection(ExtensibilityGlobals) = postSolution
		SolutionGuid = {06C69B8B-757D-4679-9D88-72E85A05BED7}
	EndGlobalSection
EndGlobal
